
Microsoft Visual Studio Solution File, Format Version 11.00
# Visual Studio 2010
Project("{FAE04EC0-301F-11D3-BF4B-00C04F79EFBC}") = "UnityEngine.TestRunner", "UnityEngine.TestRunner.csproj", "{e3517c44-c417-e913-58c4-b0867e041ffa}"
EndProject
Project("{FAE04EC0-301F-11D3-BF4B-00C04F79EFBC}") = "UnityEngine.UI", "UnityEngine.UI.csproj", "{64ebf1a6-b8fe-1aa1-06a9-c986eab815f8}"
EndProject
Project("{FAE04EC0-301F-11D3-BF4B-00C04F79EFBC}") = "Unity.TextMeshPro", "Unity.TextMeshPro.csproj", "{a75d1478-199e-7e9b-b248-f8e011f61abd}"
EndProject
Project("{FAE04EC0-301F-11D3-BF4B-00C04F79EFBC}") = "Unity.Timeline", "Unity.Timeline.csproj", "{274ae5a0-97a9-2213-6196-f49a6a975fd7}"
EndProject
Project("{FAE04EC0-301F-11D3-BF4B-00C04F79EFBC}") = "Unity.Analytics.DataPrivacy", "Unity.Analytics.DataPrivacy.csproj", "{50610c04-7018-31f8-0ae8-f76f730fb037}"
EndProject
Project("{FAE04EC0-301F-11D3-BF4B-00C04F79EFBC}") = "Unity.TextMeshPro.Editor", "Unity.TextMeshPro.Editor.csproj", "{98d84776-121c-524a-ce60-48ddb76ba225}"
EndProject
Project("{FAE04EC0-301F-11D3-BF4B-00C04F79EFBC}") = "Unity.Timeline.Editor", "Unity.Timeline.Editor.csproj", "{d79d4eef-cb15-78f3-813c-fb3c0fdf45c2}"
EndProject
Project("{FAE04EC0-301F-11D3-BF4B-00C04F79EFBC}") = "UnityEditor.TestRunner", "UnityEditor.TestRunner.csproj", "{9334f11b-66a2-f51a-f64e-bf8a26366212}"
EndProject
Project("{FAE04EC0-301F-11D3-BF4B-00C04F79EFBC}") = "UnityEditor.UI", "UnityEditor.UI.csproj", "{11f11cad-f6d6-9530-9c2d-4bfc5841eb0c}"
EndProject
Project("{FAE04EC0-301F-11D3-BF4B-00C04F79EFBC}") = "Unity.Rider.Editor", "Unity.Rider.Editor.csproj", "{e5c0f2cd-ffc2-b871-4a72-f4f88e50ef13}"
EndProject
Project("{FAE04EC0-301F-11D3-BF4B-00C04F79EFBC}") = "Unity.CollabProxy.Editor", "Unity.CollabProxy.Editor.csproj", "{af8965fb-3ce7-5139-a993-ea09b5e32aff}"
EndProject
Project("{FAE04EC0-301F-11D3-BF4B-00C04F79EFBC}") = "Unity.VSCode.Editor", "Unity.VSCode.Editor.csproj", "{a0501654-5a9c-c1d9-b3e7-cebfa68aab1f}"
EndProject
Global
	GlobalSection(SolutionConfigurationPlatforms) = preSolution
		Debug|Any CPU = Debug|Any CPU
	EndGlobalSection
	GlobalSection(ProjectConfigurationPlatforms) = postSolution
		{e3517c44-c417-e913-58c4-b0867e041ffa}.Debug|Any CPU.ActiveCfg = Debug|Any CPU
		{e3517c44-c417-e913-58c4-b0867e041ffa}.Debug|Any CPU.Build.0 = Debug|Any CPU
		{64ebf1a6-b8fe-1aa1-06a9-c986eab815f8}.Debug|Any CPU.ActiveCfg = Debug|Any CPU
		{64ebf1a6-b8fe-1aa1-06a9-c986eab815f8}.Debug|Any CPU.Build.0 = Debug|Any CPU
		{a75d1478-199e-7e9b-b248-f8e011f61abd}.Debug|Any CPU.ActiveCfg = Debug|Any CPU
		{a75d1478-199e-7e9b-b248-f8e011f61abd}.Debug|Any CPU.Build.0 = Debug|Any CPU
		{274ae5a0-97a9-2213-6196-f49a6a975fd7}.Debug|Any CPU.ActiveCfg = Debug|Any CPU
		{274ae5a0-97a9-2213-6196-f49a6a975fd7}.Debug|Any CPU.Build.0 = Debug|Any CPU
		{50610c04-7018-31f8-0ae8-f76f730fb037}.Debug|Any CPU.ActiveCfg = Debug|Any CPU
		{50610c04-7018-31f8-0ae8-f76f730fb037}.Debug|Any CPU.Build.0 = Debug|Any CPU
		{98d84776-121c-524a-ce60-48ddb76ba225}.Debug|Any CPU.ActiveCfg = Debug|Any CPU
		{98d84776-121c-524a-ce60-48ddb76ba225}.Debug|Any CPU.Build.0 = Debug|Any CPU
		{d79d4eef-cb15-78f3-813c-fb3c0fdf45c2}.Debug|Any CPU.ActiveCfg = Debug|Any CPU
		{d79d4eef-cb15-78f3-813c-fb3c0fdf45c2}.Debug|Any CPU.Build.0 = Debug|Any CPU
		{9334f11b-66a2-f51a-f64e-bf8a26366212}.Debug|Any CPU.ActiveCfg = Debug|Any CPU
		{9334f11b-66a2-f51a-f64e-bf8a26366212}.Debug|Any CPU.Build.0 = Debug|Any CPU
		{11f11cad-f6d6-9530-9c2d-4bfc5841eb0c}.Debug|Any CPU.ActiveCfg = Debug|Any CPU
		{11f11cad-f6d6-9530-9c2d-4bfc5841eb0c}.Debug|Any CPU.Build.0 = Debug|Any CPU
		{e5c0f2cd-ffc2-b871-4a72-f4f88e50ef13}.Debug|Any CPU.ActiveCfg = Debug|Any CPU
		{e5c0f2cd-ffc2-b871-4a72-f4f88e50ef13}.Debug|Any CPU.Build.0 = Debug|Any CPU
		{af8965fb-3ce7-5139-a993-ea09b5e32aff}.Debug|Any CPU.ActiveCfg = Debug|Any CPU
		{af8965fb-3ce7-5139-a993-ea09b5e32aff}.Debug|Any CPU.Build.0 = Debug|Any CPU
		{a0501654-5a9c-c1d9-b3e7-cebfa68aab1f}.Debug|Any CPU.ActiveCfg = Debug|Any CPU
		{a0501654-5a9c-c1d9-b3e7-cebfa68aab1f}.Debug|Any CPU.Build.0 = Debug|Any CPU
	EndGlobalSection
	GlobalSection(SolutionProperties) = preSolution
		HideSolutionNode = FALSE
	EndGlobalSection
EndGlobal
